
Microsoft Visual Studio Solution File, Format Version 12.00
# Visual Studio Version 17
VisualStudioVersion = 17.0.31903.59
MinimumVisualStudioVersion = 10.0.40219.1
Project("{2150E333-8FDC-42A3-9474-1A3956D46DE8}") = "src", "src", "{827E0CD3-B72D-47B6-A68D-7590B98EB39B}"
EndProject
Project("{FAE04EC0-301F-11D3-BF4B-00C04F79EFBC}") = "Edit.ComponentModel", "src\Edit.ComponentModel\Edit.ComponentModel.csproj", "{E3F0F2D9-FCF1-47D9-911F-1F10DA30629E}"
EndProject
Project("{FAE04EC0-301F-11D3-BF4B-00C04F79EFBC}") = "Edit.Text", "src\Edit.Text\Edit.Text.csproj", "{E5180EB9-E6B3-4957-B699-C4309428E635}"
EndProject
Project("{FAE04EC0-301F-11D3-BF4B-00C04F79EFBC}") = "Edit.Core", "src\Edit.Core\Edit.Core.csproj", "{2251479C-C3D9-4778-A25A-A86376741E93}"
EndProject
Project("{FAE04EC0-301F-11D3-BF4B-00C04F79EFBC}") = "Edit.Platform", "src\Edit.Platform\Edit.Platform.csproj", "{3F8D905E-D4FC-41AD-A56C-677C039CA708}"
EndProject
Project("{FAE04EC0-301F-11D3-BF4B-00C04F79EFBC}") = "Edit.Workspace", "src\Edit.Workspace\Edit.Workspace.csproj", "{C2E62DE9-AC1A-442F-8AF0-EDF58DDD3F16}"
EndProject
Project("{FAE04EC0-301F-11D3-BF4B-00C04F79EFBC}") = "Edit.TreeSitter", "src\Edit.TreeSitter\Edit.TreeSitter.csproj", "{0001D61C-E13C-457A-A126-846DE779287F}"
EndProject
Project("{FAE04EC0-301F-11D3-BF4B-00C04F79EFBC}") = "Edit.Lsp", "src\Edit.Lsp\Edit.Lsp.csproj", "{F316E645-7FC6-41A5-9AAF-8734E40CD2FC}"
EndProject
Project("{FAE04EC0-301F-11D3-BF4B-00C04F79EFBC}") = "Edit.Plugins.Host", "src\Edit.Plugins.Host\Edit.Plugins.Host.csproj", "{03A7E98E-7E0A-489A-BD2D-2C42FF4492C3}"
EndProject
Project("{FAE04EC0-301F-11D3-BF4B-00C04F79EFBC}") = "Edit.Editor", "src\Edit.Editor\Edit.Editor.csproj", "{30142B64-5B37-4D83-B67B-259E7C4174BB}"
EndProject
Project("{FAE04EC0-301F-11D3-BF4B-00C04F79EFBC}") = "Edit.Shell", "src\Edit.Shell\Edit.Shell.csproj", "{DF57A223-CB5E-466A-BC49-8571CF6410F5}"
EndProject
Project("{FAE04EC0-301F-11D3-BF4B-00C04F79EFBC}") = "Edit.App", "src\Edit.App\Edit.App.csproj", "{F84D6655-D9C4-4CCF-9B77-E1995AF2F047}"
EndProject
Project("{2150E333-8FDC-42A3-9474-1A3956D46DE8}") = "plugins", "plugins", "{07D57EEB-2F50-60C4-C011-FE4FA775C9A8}"
EndProject
Project("{FAE04EC0-301F-11D3-BF4B-00C04F79EFBC}") = "Edit.Plugins.Files", "plugins\Edit.Plugins.Files\Edit.Plugins.Files.csproj", "{5B13FB79-3905-46D4-A0C0-9E09C14E0464}"
EndProject
Project("{FAE04EC0-301F-11D3-BF4B-00C04F79EFBC}") = "Edit.Plugins.Sample", "plugins\Edit.Plugins.Sample\Edit.Plugins.Sample.csproj", "{607AB0BC-002F-4890-A2CF-1251A77B60AE}"
EndProject
Project("{2150E333-8FDC-42A3-9474-1A3956D46DE8}") = "samples", "samples", "{5D20AA90-6969-D8BD-9DCD-8634F4692FDA}"
EndProject
Project("{FAE04EC0-301F-11D3-BF4B-00C04F79EFBC}") = "Edit.Editor.Playground", "samples\Edit.Editor.Playground\Edit.Editor.Playground.csproj", "{4EC33103-1C20-4D5D-8C5B-D6811907B4B5}"
EndProject
Project("{2150E333-8FDC-42A3-9474-1A3956D46DE8}") = "tests", "tests", "{0AB3BF05-4346-4AA6-1389-037BE0695223}"
EndProject
Project("{FAE04EC0-301F-11D3-BF4B-00C04F79EFBC}") = "Edit.Text.Tests", "tests\Edit.Text.Tests\Edit.Text.Tests.csproj", "{40F5AC36-EE50-42C6-893A-E1378E0E28AD}"
EndProject
Project("{FAE04EC0-301F-11D3-BF4B-00C04F79EFBC}") = "Edit.TreeSitter.Tests", "tests\Edit.TreeSitter.Tests\Edit.TreeSitter.Tests.csproj", "{83D6B412-1463-46AE-B98C-1E071E6E9F25}"
EndProject
Project("{FAE04EC0-301F-11D3-BF4B-00C04F79EFBC}") = "Edit.Lsp.Tests", "tests\Edit.Lsp.Tests\Edit.Lsp.Tests.csproj", "{E6348A85-A856-45AE-B035-300DEE163923}"
EndProject
Project("{FAE04EC0-301F-11D3-BF4B-00C04F79EFBC}") = "Edit.Plugins.Host.Tests", "tests\Edit.Plugins.Host.Tests\Edit.Plugins.Host.Tests.csproj", "{B19D2CA9-16A1-4D17-BD95-FE2D7DF34F51}"
EndProject
Project("{FAE04EC0-301F-11D3-BF4B-00C04F79EFBC}") = "Edit.UI.Tests", "tests\Edit.UI.Tests\Edit.UI.Tests.csproj", "{C9F3F01F-A937-4F20-BD85-66AD60BA255A}"
EndProject
Project("{FAE04EC0-301F-11D3-BF4B-00C04F79EFBC}") = "Edit.E2E.Tests", "tests\Edit.E2E.Tests\Edit.E2E.Tests.csproj", "{1DE3DA4C-0599-4CFE-B059-0F5AAD5D3878}"
EndProject
Project("{FAE04EC0-301F-11D3-BF4B-00C04F79EFBC}") = "Edit.Dap", "src\Edit.Dap\Edit.Dap.csproj", "{E810C64E-13CA-4A24-82B3-C2939B638633}"
EndProject
Project("{FAE04EC0-301F-11D3-BF4B-00C04F79EFBC}") = "Edit.Plugins.Search", "plugins\Edit.Plugins.Search\Edit.Plugins.Search.csproj", "{5B16DFC9-AFC0-4EBB-B9B2-DB2FF98407C8}"
EndProject
Project("{FAE04EC0-301F-11D3-BF4B-00C04F79EFBC}") = "Edit.Plugins.Git", "plugins\Edit.Plugins.Git\Edit.Plugins.Git.csproj", "{8EBE4912-03EE-4030-92DC-9C04EF61D2B0}"
EndProject
Project("{FAE04EC0-301F-11D3-BF4B-00C04F79EFBC}") = "Edit.Plugins.Terminal", "plugins\Edit.Plugins.Terminal\Edit.Plugins.Terminal.csproj", "{2C9C1B2E-3BCD-4DFE-A614-4C1B91276E51}"
EndProject
Project("{FAE04EC0-301F-11D3-BF4B-00C04F79EFBC}") = "Edit.Editor.Tests", "tests\Edit.Editor.Tests\Edit.Editor.Tests.csproj", "{FD971B63-1B72-471D-B790-DFCE79B92A77}"
EndProject
Project("{FAE04EC0-301F-11D3-BF4B-00C04F79EFBC}") = "Edit.Core.Tests", "tests\Edit.Core.Tests\Edit.Core.Tests.csproj", "{225B0C85-EC69-4A6D-951C-A0EA1E25F9F8}"
EndProject
Global
	GlobalSection(SolutionConfigurationPlatforms) = preSolution
		Debug|Any CPU = Debug|Any CPU
		Debug|x64 = Debug|x64
		Debug|x86 = Debug|x86
		Release|Any CPU = Release|Any CPU
		Release|x64 = Release|x64
		Release|x86 = Release|x86
	EndGlobalSection
	GlobalSection(ProjectConfigurationPlatforms) = postSolution
		{E3F0F2D9-FCF1-47D9-911F-1F10DA30629E}.Debug|Any CPU.ActiveCfg = Debug|Any CPU
		{E3F0F2D9-FCF1-47D9-911F-1F10DA30629E}.Debug|Any CPU.Build.0 = Debug|Any CPU
		{E3F0F2D9-FCF1-47D9-911F-1F10DA30629E}.Debug|x64.ActiveCfg = Debug|Any CPU
		{E3F0F2D9-FCF1-47D9-911F-1F10DA30629E}.Debug|x64.Build.0 = Debug|Any CPU
		{E3F0F2D9-FCF1-47D9-911F-1F10DA30629E}.Debug|x86.ActiveCfg = Debug|Any CPU
		{E3F0F2D9-FCF1-47D9-911F-1F10DA30629E}.Debug|x86.Build.0 = Debug|Any CPU
		{E3F0F2D9-FCF1-47D9-911F-1F10DA30629E}.Release|Any CPU.ActiveCfg = Release|Any CPU
		{E3F0F2D9-FCF1-47D9-911F-1F10DA30629E}.Release|Any CPU.Build.0 = Release|Any CPU
		{E3F0F2D9-FCF1-47D9-911F-1F10DA30629E}.Release|x64.ActiveCfg = Release|Any CPU
		{E3F0F2D9-FCF1-47D9-911F-1F10DA30629E}.Release|x64.Build.0 = Release|Any CPU
		{E3F0F2D9-FCF1-47D9-911F-1F10DA30629E}.Release|x86.ActiveCfg = Release|Any CPU
		{E3F0F2D9-FCF1-47D9-911F-1F10DA30629E}.Release|x86.Build.0 = Release|Any CPU
		{E5180EB9-E6B3-4957-B699-C4309428E635}.Debug|Any CPU.ActiveCfg = Debug|Any CPU
		{E5180EB9-E6B3-4957-B699-C4309428E635}.Debug|Any CPU.Build.0 = Debug|Any CPU
		{E5180EB9-E6B3-4957-B699-C4309428E635}.Debug|x64.ActiveCfg = Debug|Any CPU
		{E5180EB9-E6B3-4957-B699-C4309428E635}.Debug|x64.Build.0 = Debug|Any CPU
		{E5180EB9-E6B3-4957-B699-C4309428E635}.Debug|x86.ActiveCfg = Debug|Any CPU
		{E5180EB9-E6B3-4957-B699-C4309428E635}.Debug|x86.Build.0 = Debug|Any CPU
		{E5180EB9-E6B3-4957-B699-C4309428E635}.Release|Any CPU.ActiveCfg = Release|Any CPU
		{E5180EB9-E6B3-4957-B699-C4309428E635}.Release|Any CPU.Build.0 = Release|Any CPU
		{E5180EB9-E6B3-4957-B699-C4309428E635}.Release|x64.ActiveCfg = Release|Any CPU
		{E5180EB9-E6B3-4957-B699-C4309428E635}.Release|x64.Build.0 = Release|Any CPU
		{E5180EB9-E6B3-4957-B699-C4309428E635}.Release|x86.ActiveCfg = Release|Any CPU
		{E5180EB9-E6B3-4957-B699-C4309428E635}.Release|x86.Build.0 = Release|Any CPU
		{2251479C-C3D9-4778-A25A-A86376741E93}.Debug|Any CPU.ActiveCfg = Debug|Any CPU
		{2251479C-C3D9-4778-A25A-A86376741E93}.Debug|Any CPU.Build.0 = Debug|Any CPU
		{2251479C-C3D9-4778-A25A-A86376741E93}.Debug|x64.ActiveCfg = Debug|Any CPU
		{2251479C-C3D9-4778-A25A-A86376741E93}.Debug|x64.Build.0 = Debug|Any CPU
		{2251479C-C3D9-4778-A25A-A86376741E93}.Debug|x86.ActiveCfg = Debug|Any CPU
		{2251479C-C3D9-4778-A25A-A86376741E93}.Debug|x86.Build.0 = Debug|Any CPU
		{2251479C-C3D9-4778-A25A-A86376741E93}.Release|Any CPU.ActiveCfg = Release|Any CPU
		{2251479C-C3D9-4778-A25A-A86376741E93}.Release|Any CPU.Build.0 = Release|Any CPU
		{2251479C-C3D9-4778-A25A-A86376741E93}.Release|x64.ActiveCfg = Release|Any CPU
		{2251479C-C3D9-4778-A25A-A86376741E93}.Release|x64.Build.0 = Release|Any CPU
		{2251479C-C3D9-4778-A25A-A86376741E93}.Release|x86.ActiveCfg = Release|Any CPU
		{2251479C-C3D9-4778-A25A-A86376741E93}.Release|x86.Build.0 = Release|Any CPU
		{3F8D905E-D4FC-41AD-A56C-677C039CA708}.Debug|Any CPU.ActiveCfg = Debug|Any CPU
		{3F8D905E-D4FC-41AD-A56C-677C039CA708}.Debug|Any CPU.Build.0 = Debug|Any CPU
		{3F8D905E-D4FC-41AD-A56C-677C039CA708}.Debug|x64.ActiveCfg = Debug|Any CPU
		{3F8D905E-D4FC-41AD-A56C-677C039CA708}.Debug|x64.Build.0 = Debug|Any CPU
		{3F8D905E-D4FC-41AD-A56C-677C039CA708}.Debug|x86.ActiveCfg = Debug|Any CPU
		{3F8D905E-D4FC-41AD-A56C-677C039CA708}.Debug|x86.Build.0 = Debug|Any CPU
		{3F8D905E-D4FC-41AD-A56C-677C039CA708}.Release|Any CPU.ActiveCfg = Release|Any CPU
		{3F8D905E-D4FC-41AD-A56C-677C039CA708}.Release|Any CPU.Build.0 = Release|Any CPU
		{3F8D905E-D4FC-41AD-A56C-677C039CA708}.Release|x64.ActiveCfg = Release|Any CPU
		{3F8D905E-D4FC-41AD-A56C-677C039CA708}.Release|x64.Build.0 = Release|Any CPU
		{3F8D905E-D4FC-41AD-A56C-677C039CA708}.Release|x86.ActiveCfg = Release|Any CPU
		{3F8D905E-D4FC-41AD-A56C-677C039CA708}.Release|x86.Build.0 = Release|Any CPU
		{C2E62DE9-AC1A-442F-8AF0-EDF58DDD3F16}.Debug|Any CPU.ActiveCfg = Debug|Any CPU
		{C2E62DE9-AC1A-442F-8AF0-EDF58DDD3F16}.Debug|Any CPU.Build.0 = Debug|Any CPU
		{C2E62DE9-AC1A-442F-8AF0-EDF58DDD3F16}.Debug|x64.ActiveCfg = Debug|Any CPU
		{C2E62DE9-AC1A-442F-8AF0-EDF58DDD3F16}.Debug|x64.Build.0 = Debug|Any CPU
		{C2E62DE9-AC1A-442F-8AF0-EDF58DDD3F16}.Debug|x86.ActiveCfg = Debug|Any CPU
		{C2E62DE9-AC1A-442F-8AF0-EDF58DDD3F16}.Debug|x86.Build.0 = Debug|Any CPU
		{C2E62DE9-AC1A-442F-8AF0-EDF58DDD3F16}.Release|Any CPU.ActiveCfg = Release|Any CPU
		{C2E62DE9-AC1A-442F-8AF0-EDF58DDD3F16}.Release|Any CPU.Build.0 = Release|Any CPU
		{C2E62DE9-AC1A-442F-8AF0-EDF58DDD3F16}.Release|x64.ActiveCfg = Release|Any CPU
		{C2E62DE9-AC1A-442F-8AF0-EDF58DDD3F16}.Release|x64.Build.0 = Release|Any CPU
		{C2E62DE9-AC1A-442F-8AF0-EDF58DDD3F16}.Release|x86.ActiveCfg = Release|Any CPU
		{C2E62DE9-AC1A-442F-8AF0-EDF58DDD3F16}.Release|x86.Build.0 = Release|Any CPU
		{0001D61C-E13C-457A-A126-846DE779287F}.Debug|Any CPU.ActiveCfg = Debug|Any CPU
		{0001D61C-E13C-457A-A126-846DE779287F}.Debug|Any CPU.Build.0 = Debug|Any CPU
		{0001D61C-E13C-457A-A126-846DE779287F}.Debug|x64.ActiveCfg = Debug|Any CPU
		{0001D61C-E13C-457A-A126-846DE779287F}.Debug|x64.Build.0 = Debug|Any CPU
		{0001D61C-E13C-457A-A126-846DE779287F}.Debug|x86.ActiveCfg = Debug|Any CPU
		{0001D61C-E13C-457A-A126-846DE779287F}.Debug|x86.Build.0 = Debug|Any CPU
		{0001D61C-E13C-457A-A126-846DE779287F}.Release|Any CPU.ActiveCfg = Release|Any CPU
		{0001D61C-E13C-457A-A126-846DE779287F}.Release|Any CPU.Build.0 = Release|Any CPU
		{0001D61C-E13C-457A-A126-846DE779287F}.Release|x64.ActiveCfg = Release|Any CPU
		{0001D61C-E13C-457A-A126-846DE779287F}.Release|x64.Build.0 = Release|Any CPU
		{0001D61C-E13C-457A-A126-846DE779287F}.Release|x86.ActiveCfg = Release|Any CPU
		{0001D61C-E13C-457A-A126-846DE779287F}.Release|x86.Build.0 = Release|Any CPU
		{F316E645-7FC6-41A5-9AAF-8734E40CD2FC}.Debug|Any CPU.ActiveCfg = Debug|Any CPU
		{F316E645-7FC6-41A5-9AAF-8734E40CD2FC}.Debug|Any CPU.Build.0 = Debug|Any CPU
		{F316E645-7FC6-41A5-9AAF-8734E40CD2FC}.Debug|x64.ActiveCfg = Debug|Any CPU
		{F316E645-7FC6-41A5-9AAF-8734E40CD2FC}.Debug|x64.Build.0 = Debug|Any CPU
		{F316E645-7FC6-41A5-9AAF-8734E40CD2FC}.Debug|x86.ActiveCfg = Debug|Any CPU
		{F316E645-7FC6-41A5-9AAF-8734E40CD2FC}.Debug|x86.Build.0 = Debug|Any CPU
		{F316E645-7FC6-41A5-9AAF-8734E40CD2FC}.Release|Any CPU.ActiveCfg = Release|Any CPU
		{F316E645-7FC6-41A5-9AAF-8734E40CD2FC}.Release|Any CPU.Build.0 = Release|Any CPU
		{F316E645-7FC6-41A5-9AAF-8734E40CD2FC}.Release|x64.ActiveCfg = Release|Any CPU
		{F316E645-7FC6-41A5-9AAF-8734E40CD2FC}.Release|x64.Build.0 = Release|Any CPU
		{F316E645-7FC6-41A5-9AAF-8734E40CD2FC}.Release|x86.ActiveCfg = Release|Any CPU
		{F316E645-7FC6-41A5-9AAF-8734E40CD2FC}.Release|x86.Build.0 = Release|Any CPU
		{03A7E98E-7E0A-489A-BD2D-2C42FF4492C3}.Debug|Any CPU.ActiveCfg = Debug|Any CPU
		{03A7E98E-7E0A-489A-BD2D-2C42FF4492C3}.Debug|Any CPU.Build.0 = Debug|Any CPU
		{03A7E98E-7E0A-489A-BD2D-2C42FF4492C3}.Debug|x64.ActiveCfg = Debug|Any CPU
		{03A7E98E-7E0A-489A-BD2D-2C42FF4492C3}.Debug|x64.Build.0 = Debug|Any CPU
		{03A7E98E-7E0A-489A-BD2D-2C42FF4492C3}.Debug|x86.ActiveCfg = Debug|Any CPU
		{03A7E98E-7E0A-489A-BD2D-2C42FF4492C3}.Debug|x86.Build.0 = Debug|Any CPU
		{03A7E98E-7E0A-489A-BD2D-2C42FF4492C3}.Release|Any CPU.ActiveCfg = Release|Any CPU
		{03A7E98E-7E0A-489A-BD2D-2C42FF4492C3}.Release|Any CPU.Build.0 = Release|Any CPU
		{03A7E98E-7E0A-489A-BD2D-2C42FF4492C3}.Release|x64.ActiveCfg = Release|Any CPU
		{03A7E98E-7E0A-489A-BD2D-2C42FF4492C3}.Release|x64.Build.0 = Release|Any CPU
		{03A7E98E-7E0A-489A-BD2D-2C42FF4492C3}.Release|x86.ActiveCfg = Release|Any CPU
		{03A7E98E-7E0A-489A-BD2D-2C42FF4492C3}.Release|x86.Build.0 = Release|Any CPU
		{30142B64-5B37-4D83-B67B-259E7C4174BB}.Debug|Any CPU.ActiveCfg = Debug|Any CPU
		{30142B64-5B37-4D83-B67B-259E7C4174BB}.Debug|Any CPU.Build.0 = Debug|Any CPU
		{30142B64-5B37-4D83-B67B-259E7C4174BB}.Debug|x64.ActiveCfg = Debug|Any CPU
		{30142B64-5B37-4D83-B67B-259E7C4174BB}.Debug|x64.Build.0 = Debug|Any CPU
		{30142B64-5B37-4D83-B67B-259E7C4174BB}.Debug|x86.ActiveCfg = Debug|Any CPU
		{30142B64-5B37-4D83-B67B-259E7C4174BB}.Debug|x86.Build.0 = Debug|Any CPU
		{30142B64-5B37-4D83-B67B-259E7C4174BB}.Release|Any CPU.ActiveCfg = Release|Any CPU
		{30142B64-5B37-4D83-B67B-259E7C4174BB}.Release|Any CPU.Build.0 = Release|Any CPU
		{30142B64-5B37-4D83-B67B-259E7C4174BB}.Release|x64.ActiveCfg = Release|Any CPU
		{30142B64-5B37-4D83-B67B-259E7C4174BB}.Release|x64.Build.0 = Release|Any CPU
		{30142B64-5B37-4D83-B67B-259E7C4174BB}.Release|x86.ActiveCfg = Release|Any CPU
		{30142B64-5B37-4D83-B67B-259E7C4174BB}.Release|x86.Build.0 = Release|Any CPU
		{DF57A223-CB5E-466A-BC49-8571CF6410F5}.Debug|Any CPU.ActiveCfg = Debug|Any CPU
		{DF57A223-CB5E-466A-BC49-8571CF6410F5}.Debug|Any CPU.Build.0 = Debug|Any CPU
		{DF57A223-CB5E-466A-BC49-8571CF6410F5}.Debug|x64.ActiveCfg = Debug|Any CPU
		{DF57A223-CB5E-466A-BC49-8571CF6410F5}.Debug|x64.Build.0 = Debug|Any CPU
		{DF57A223-CB5E-466A-BC49-8571CF6410F5}.Debug|x86.ActiveCfg = Debug|Any CPU
		{DF57A223-CB5E-466A-BC49-8571CF6410F5}.Debug|x86.Build.0 = Debug|Any CPU
		{DF57A223-CB5E-466A-BC49-8571CF6410F5}.Release|Any CPU.ActiveCfg = Release|Any CPU
		{DF57A223-CB5E-466A-BC49-8571CF6410F5}.Release|Any CPU.Build.0 = Release|Any CPU
		{DF57A223-CB5E-466A-BC49-8571CF6410F5}.Release|x64.ActiveCfg = Release|Any CPU
		{DF57A223-CB5E-466A-BC49-8571CF6410F5}.Release|x64.Build.0 = Release|Any CPU
		{DF57A223-CB5E-466A-BC49-8571CF6410F5}.Release|x86.ActiveCfg = Release|Any CPU
		{DF57A223-CB5E-466A-BC49-8571CF6410F5}.Release|x86.Build.0 = Release|Any CPU
		{F84D6655-D9C4-4CCF-9B77-E1995AF2F047}.Debug|Any CPU.ActiveCfg = Debug|Any CPU
		{F84D6655-D9C4-4CCF-9B77-E1995AF2F047}.Debug|Any CPU.Build.0 = Debug|Any CPU
		{F84D6655-D9C4-4CCF-9B77-E1995AF2F047}.Debug|x64.ActiveCfg = Debug|Any CPU
		{F84D6655-D9C4-4CCF-9B77-E1995AF2F047}.Debug|x64.Build.0 = Debug|Any CPU
		{F84D6655-D9C4-4CCF-9B77-E1995AF2F047}.Debug|x86.ActiveCfg = Debug|Any CPU
		{F84D6655-D9C4-4CCF-9B77-E1995AF2F047}.Debug|x86.Build.0 = Debug|Any CPU
		{F84D6655-D9C4-4CCF-9B77-E1995AF2F047}.Release|Any CPU.ActiveCfg = Release|Any CPU
		{F84D6655-D9C4-4CCF-9B77-E1995AF2F047}.Release|Any CPU.Build.0 = Release|Any CPU
		{F84D6655-D9C4-4CCF-9B77-E1995AF2F047}.Release|x64.ActiveCfg = Release|Any CPU
		{F84D6655-D9C4-4CCF-9B77-E1995AF2F047}.Release|x64.Build.0 = Release|Any CPU
		{F84D6655-D9C4-4CCF-9B77-E1995AF2F047}.Release|x86.ActiveCfg = Release|Any CPU
		{F84D6655-D9C4-4CCF-9B77-E1995AF2F047}.Release|x86.Build.0 = Release|Any CPU
		{5B13FB79-3905-46D4-A0C0-9E09C14E0464}.Debug|Any CPU.ActiveCfg = Debug|Any CPU
		{5B13FB79-3905-46D4-A0C0-9E09C14E0464}.Debug|Any CPU.Build.0 = Debug|Any CPU
		{5B13FB79-3905-46D4-A0C0-9E09C14E0464}.Debug|x64.ActiveCfg = Debug|Any CPU
		{5B13FB79-3905-46D4-A0C0-9E09C14E0464}.Debug|x64.Build.0 = Debug|Any CPU
		{5B13FB79-3905-46D4-A0C0-9E09C14E0464}.Debug|x86.ActiveCfg = Debug|Any CPU
		{5B13FB79-3905-46D4-A0C0-9E09C14E0464}.Debug|x86.Build.0 = Debug|Any CPU
		{5B13FB79-3905-46D4-A0C0-9E09C14E0464}.Release|Any CPU.ActiveCfg = Release|Any CPU
		{5B13FB79-3905-46D4-A0C0-9E09C14E0464}.Release|Any CPU.Build.0 = Release|Any CPU
		{5B13FB79-3905-46D4-A0C0-9E09C14E0464}.Release|x64.ActiveCfg = Release|Any CPU
		{5B13FB79-3905-46D4-A0C0-9E09C14E0464}.Release|x64.Build.0 = Release|Any CPU
		{5B13FB79-3905-46D4-A0C0-9E09C14E0464}.Release|x86.ActiveCfg = Release|Any CPU
		{5B13FB79-3905-46D4-A0C0-9E09C14E0464}.Release|x86.Build.0 = Release|Any CPU
		{607AB0BC-002F-4890-A2CF-1251A77B60AE}.Debug|Any CPU.ActiveCfg = Debug|Any CPU
		{607AB0BC-002F-4890-A2CF-1251A77B60AE}.Debug|Any CPU.Build.0 = Debug|Any CPU
		{607AB0BC-002F-4890-A2CF-1251A77B60AE}.Debug|x64.ActiveCfg = Debug|Any CPU
		{607AB0BC-002F-4890-A2CF-1251A77B60AE}.Debug|x64.Build.0 = Debug|Any CPU
		{607AB0BC-002F-4890-A2CF-1251A77B60AE}.Debug|x86.ActiveCfg = Debug|Any CPU
		{607AB0BC-002F-4890-A2CF-1251A77B60AE}.Debug|x86.Build.0 = Debug|Any CPU
		{607AB0BC-002F-4890-A2CF-1251A77B60AE}.Release|Any CPU.ActiveCfg = Release|Any CPU
		{607AB0BC-002F-4890-A2CF-1251A77B60AE}.Release|Any CPU.Build.0 = Release|Any CPU
		{607AB0BC-002F-4890-A2CF-1251A77B60AE}.Release|x64.ActiveCfg = Release|Any CPU
		{607AB0BC-002F-4890-A2CF-1251A77B60AE}.Release|x64.Build.0 = Release|Any CPU
		{607AB0BC-002F-4890-A2CF-1251A77B60AE}.Release|x86.ActiveCfg = Release|Any CPU
		{607AB0BC-002F-4890-A2CF-1251A77B60AE}.Release|x86.Build.0 = Release|Any CPU
		{4EC33103-1C20-4D5D-8C5B-D6811907B4B5}.Debug|Any CPU.ActiveCfg = Debug|Any CPU
		{4EC33103-1C20-4D5D-8C5B-D6811907B4B5}.Debug|Any CPU.Build.0 = Debug|Any CPU
		{4EC33103-1C20-4D5D-8C5B-D6811907B4B5}.Debug|x64.ActiveCfg = Debug|Any CPU
		{4EC33103-1C20-4D5D-8C5B-D6811907B4B5}.Debug|x64.Build.0 = Debug|Any CPU
		{4EC33103-1C20-4D5D-8C5B-D6811907B4B5}.Debug|x86.ActiveCfg = Debug|Any CPU
		{4EC33103-1C20-4D5D-8C5B-D6811907B4B5}.Debug|x86.Build.0 = Debug|Any CPU
		{4EC33103-1C20-4D5D-8C5B-D6811907B4B5}.Release|Any CPU.ActiveCfg = Release|Any CPU
		{4EC33103-1C20-4D5D-8C5B-D6811907B4B5}.Release|Any CPU.Build.0 = Release|Any CPU
		{4EC33103-1C20-4D5D-8C5B-D6811907B4B5}.Release|x64.ActiveCfg = Release|Any CPU
		{4EC33103-1C20-4D5D-8C5B-D6811907B4B5}.Release|x64.Build.0 = Release|Any CPU
		{4EC33103-1C20-4D5D-8C5B-D6811907B4B5}.Release|x86.ActiveCfg = Release|Any CPU
		{4EC33103-1C20-4D5D-8C5B-D6811907B4B5}.Release|x86.Build.0 = Release|Any CPU
		{40F5AC36-EE50-42C6-893A-E1378E0E28AD}.Debug|Any CPU.ActiveCfg = Debug|Any CPU
		{40F5AC36-EE50-42C6-893A-E1378E0E28AD}.Debug|Any CPU.Build.0 = Debug|Any CPU
		{40F5AC36-EE50-42C6-893A-E1378E0E28AD}.Debug|x64.ActiveCfg = Debug|Any CPU
		{40F5AC36-EE50-42C6-893A-E1378E0E28AD}.Debug|x64.Build.0 = Debug|Any CPU
		{40F5AC36-EE50-42C6-893A-E1378E0E28AD}.Debug|x86.ActiveCfg = Debug|Any CPU
		{40F5AC36-EE50-42C6-893A-E1378E0E28AD}.Debug|x86.Build.0 = Debug|Any CPU
		{40F5AC36-EE50-42C6-893A-E1378E0E28AD}.Release|Any CPU.ActiveCfg = Release|Any CPU
		{40F5AC36-EE50-42C6-893A-E1378E0E28AD}.Release|Any CPU.Build.0 = Release|Any CPU
		{40F5AC36-EE50-42C6-893A-E1378E0E28AD}.Release|x64.ActiveCfg = Release|Any CPU
		{40F5AC36-EE50-42C6-893A-E1378E0E28AD}.Release|x64.Build.0 = Release|Any CPU
		{40F5AC36-EE50-42C6-893A-E1378E0E28AD}.Release|x86.ActiveCfg = Release|Any CPU
		{40F5AC36-EE50-42C6-893A-E1378E0E28AD}.Release|x86.Build.0 = Release|Any CPU
		{83D6B412-1463-46AE-B98C-1E071E6E9F25}.Debug|Any CPU.ActiveCfg = Debug|Any CPU
		{83D6B412-1463-46AE-B98C-1E071E6E9F25}.Debug|Any CPU.Build.0 = Debug|Any CPU
		{83D6B412-1463-46AE-B98C-1E071E6E9F25}.Debug|x64.ActiveCfg = Debug|Any CPU
		{83D6B412-1463-46AE-B98C-1E071E6E9F25}.Debug|x64.Build.0 = Debug|Any CPU
		{83D6B412-1463-46AE-B98C-1E071E6E9F25}.Debug|x86.ActiveCfg = Debug|Any CPU
		{83D6B412-1463-46AE-B98C-1E071E6E9F25}.Debug|x86.Build.0 = Debug|Any CPU
		{83D6B412-1463-46AE-B98C-1E071E6E9F25}.Release|Any CPU.ActiveCfg = Release|Any CPU
		{83D6B412-1463-46AE-B98C-1E071E6E9F25}.Release|Any CPU.Build.0 = Release|Any CPU
		{83D6B412-1463-46AE-B98C-1E071E6E9F25}.Release|x64.ActiveCfg = Release|Any CPU
		{83D6B412-1463-46AE-B98C-1E071E6E9F25}.Release|x64.Build.0 = Release|Any CPU
		{83D6B412-1463-46AE-B98C-1E071E6E9F25}.Release|x86.ActiveCfg = Release|Any CPU
		{83D6B412-1463-46AE-B98C-1E071E6E9F25}.Release|x86.Build.0 = Release|Any CPU
		{E6348A85-A856-45AE-B035-300DEE163923}.Debug|Any CPU.ActiveCfg = Debug|Any CPU
		{E6348A85-A856-45AE-B035-300DEE163923}.Debug|Any CPU.Build.0 = Debug|Any CPU
		{E6348A85-A856-45AE-B035-300DEE163923}.Debug|x64.ActiveCfg = Debug|Any CPU
		{E6348A85-A856-45AE-B035-300DEE163923}.Debug|x64.Build.0 = Debug|Any CPU
		{E6348A85-A856-45AE-B035-300DEE163923}.Debug|x86.ActiveCfg = Debug|Any CPU
		{E6348A85-A856-45AE-B035-300DEE163923}.Debug|x86.Build.0 = Debug|Any CPU
		{E6348A85-A856-45AE-B035-300DEE163923}.Release|Any CPU.ActiveCfg = Release|Any CPU
		{E6348A85-A856-45AE-B035-300DEE163923}.Release|Any CPU.Build.0 = Release|Any CPU
		{E6348A85-A856-45AE-B035-300DEE163923}.Release|x64.ActiveCfg = Release|Any CPU
		{E6348A85-A856-45AE-B035-300DEE163923}.Release|x64.Build.0 = Release|Any CPU
		{E6348A85-A856-45AE-B035-300DEE163923}.Release|x86.ActiveCfg = Release|Any CPU
		{E6348A85-A856-45AE-B035-300DEE163923}.Release|x86.Build.0 = Release|Any CPU
		{B19D2CA9-16A1-4D17-BD95-FE2D7DF34F51}.Debug|Any CPU.ActiveCfg = Debug|Any CPU
		{B19D2CA9-16A1-4D17-BD95-FE2D7DF34F51}.Debug|Any CPU.Build.0 = Debug|Any CPU
		{B19D2CA9-16A1-4D17-BD95-FE2D7DF34F51}.Debug|x64.ActiveCfg = Debug|Any CPU
		{B19D2CA9-16A1-4D17-BD95-FE2D7DF34F51}.Debug|x64.Build.0 = Debug|Any CPU
		{B19D2CA9-16A1-4D17-BD95-FE2D7DF34F51}.Debug|x86.ActiveCfg = Debug|Any CPU
		{B19D2CA9-16A1-4D17-BD95-FE2D7DF34F51}.Debug|x86.Build.0 = Debug|Any CPU
		{B19D2CA9-16A1-4D17-BD95-FE2D7DF34F51}.Release|Any CPU.ActiveCfg = Release|Any CPU
		{B19D2CA9-16A1-4D17-BD95-FE2D7DF34F51}.Release|Any CPU.Build.0 = Release|Any CPU
		{B19D2CA9-16A1-4D17-BD95-FE2D7DF34F51}.Release|x64.ActiveCfg = Release|Any CPU
		{B19D2CA9-16A1-4D17-BD95-FE2D7DF34F51}.Release|x64.Build.0 = Release|Any CPU
		{B19D2CA9-16A1-4D17-BD95-FE2D7DF34F51}.Release|x86.ActiveCfg = Release|Any CPU
		{B19D2CA9-16A1-4D17-BD95-FE2D7DF34F51}.Release|x86.Build.0 = Release|Any CPU
		{C9F3F01F-A937-4F20-BD85-66AD60BA255A}.Debug|Any CPU.ActiveCfg = Debug|Any CPU
		{C9F3F01F-A937-4F20-BD85-66AD60BA255A}.Debug|Any CPU.Build.0 = Debug|Any CPU
		{C9F3F01F-A937-4F20-BD85-66AD60BA255A}.Debug|x64.ActiveCfg = Debug|Any CPU
		{C9F3F01F-A937-4F20-BD85-66AD60BA255A}.Debug|x64.Build.0 = Debug|Any CPU
		{C9F3F01F-A937-4F20-BD85-66AD60BA255A}.Debug|x86.ActiveCfg = Debug|Any CPU
		{C9F3F01F-A937-4F20-BD85-66AD60BA255A}.Debug|x86.Build.0 = Debug|Any CPU
		{C9F3F01F-A937-4F20-BD85-66AD60BA255A}.Release|Any CPU.ActiveCfg = Release|Any CPU
		{C9F3F01F-A937-4F20-BD85-66AD60BA255A}.Release|Any CPU.Build.0 = Release|Any CPU
		{C9F3F01F-A937-4F20-BD85-66AD60BA255A}.Release|x64.ActiveCfg = Release|Any CPU
		{C9F3F01F-A937-4F20-BD85-66AD60BA255A}.Release|x64.Build.0 = Release|Any CPU
		{C9F3F01F-A937-4F20-BD85-66AD60BA255A}.Release|x86.ActiveCfg = Release|Any CPU
		{C9F3F01F-A937-4F20-BD85-66AD60BA255A}.Release|x86.Build.0 = Release|Any CPU
		{1DE3DA4C-0599-4CFE-B059-0F5AAD5D3878}.Debug|Any CPU.ActiveCfg = Debug|Any CPU
		{1DE3DA4C-0599-4CFE-B059-0F5AAD5D3878}.Debug|Any CPU.Build.0 = Debug|Any CPU
		{1DE3DA4C-0599-4CFE-B059-0F5AAD5D3878}.Debug|x64.ActiveCfg = Debug|Any CPU
		{1DE3DA4C-0599-4CFE-B059-0F5AAD5D3878}.Debug|x64.Build.0 = Debug|Any CPU
		{1DE3DA4C-0599-4CFE-B059-0F5AAD5D3878}.Debug|x86.ActiveCfg = Debug|Any CPU
		{1DE3DA4C-0599-4CFE-B059-0F5AAD5D3878}.Debug|x86.Build.0 = Debug|Any CPU
		{1DE3DA4C-0599-4CFE-B059-0F5AAD5D3878}.Release|Any CPU.ActiveCfg = Release|Any CPU
		{1DE3DA4C-0599-4CFE-B059-0F5AAD5D3878}.Release|Any CPU.Build.0 = Release|Any CPU
		{1DE3DA4C-0599-4CFE-B059-0F5AAD5D3878}.Release|x64.ActiveCfg = Release|Any CPU
		{1DE3DA4C-0599-4CFE-B059-0F5AAD5D3878}.Release|x64.Build.0 = Release|Any CPU
		{1DE3DA4C-0599-4CFE-B059-0F5AAD5D3878}.Release|x86.ActiveCfg = Release|Any CPU
		{1DE3DA4C-0599-4CFE-B059-0F5AAD5D3878}.Release|x86.Build.0 = Release|Any CPU
		{E810C64E-13CA-4A24-82B3-C2939B638633}.Debug|Any CPU.ActiveCfg = Debug|Any CPU
		{E810C64E-13CA-4A24-82B3-C2939B638633}.Debug|Any CPU.Build.0 = Debug|Any CPU
		{E810C64E-13CA-4A24-82B3-C2939B638633}.Debug|x64.ActiveCfg = Debug|Any CPU
		{E810C64E-13CA-4A24-82B3-C2939B638633}.Debug|x64.Build.0 = Debug|Any CPU
		{E810C64E-13CA-4A24-82B3-C2939B638633}.Debug|x86.ActiveCfg = Debug|Any CPU
		{E810C64E-13CA-4A24-82B3-C2939B638633}.Debug|x86.Build.0 = Debug|Any CPU
		{E810C64E-13CA-4A24-82B3-C2939B638633}.Release|Any CPU.ActiveCfg = Release|Any CPU
		{E810C64E-13CA-4A24-82B3-C2939B638633}.Release|Any CPU.Build.0 = Release|Any CPU
		{E810C64E-13CA-4A24-82B3-C2939B638633}.Release|x64.ActiveCfg = Release|Any CPU
		{E810C64E-13CA-4A24-82B3-C2939B638633}.Release|x64.Build.0 = Release|Any CPU
		{E810C64E-13CA-4A24-82B3-C2939B638633}.Release|x86.ActiveCfg = Release|Any CPU
		{E810C64E-13CA-4A24-82B3-C2939B638633}.Release|x86.Build.0 = Release|Any CPU
		{5B16DFC9-AFC0-4EBB-B9B2-DB2FF98407C8}.Debug|Any CPU.ActiveCfg = Debug|Any CPU
		{5B16DFC9-AFC0-4EBB-B9B2-DB2FF98407C8}.Debug|Any CPU.Build.0 = Debug|Any CPU
		{5B16DFC9-AFC0-4EBB-B9B2-DB2FF98407C8}.Debug|x64.ActiveCfg = Debug|Any CPU
		{5B16DFC9-AFC0-4EBB-B9B2-DB2FF98407C8}.Debug|x64.Build.0 = Debug|Any CPU
		{5B16DFC9-AFC0-4EBB-B9B2-DB2FF98407C8}.Debug|x86.ActiveCfg = Debug|Any CPU
		{5B16DFC9-AFC0-4EBB-B9B2-DB2FF98407C8}.Debug|x86.Build.0 = Debug|Any CPU
		{5B16DFC9-AFC0-4EBB-B9B2-DB2FF98407C8}.Release|Any CPU.ActiveCfg = Release|Any CPU
		{5B16DFC9-AFC0-4EBB-B9B2-DB2FF98407C8}.Release|Any CPU.Build.0 = Release|Any CPU
		{5B16DFC9-AFC0-4EBB-B9B2-DB2FF98407C8}.Release|x64.ActiveCfg = Release|Any CPU
		{5B16DFC9-AFC0-4EBB-B9B2-DB2FF98407C8}.Release|x64.Build.0 = Release|Any CPU
		{5B16DFC9-AFC0-4EBB-B9B2-DB2FF98407C8}.Release|x86.ActiveCfg = Release|Any CPU
		{5B16DFC9-AFC0-4EBB-B9B2-DB2FF98407C8}.Release|x86.Build.0 = Release|Any CPU
		{8EBE4912-03EE-4030-92DC-9C04EF61D2B0}.Debug|Any CPU.ActiveCfg = Debug|Any CPU
		{8EBE4912-03EE-4030-92DC-9C04EF61D2B0}.Debug|Any CPU.Build.0 = Debug|Any CPU
		{8EBE4912-03EE-4030-92DC-9C04EF61D2B0}.Debug|x64.ActiveCfg = Debug|Any CPU
		{8EBE4912-03EE-4030-92DC-9C04EF61D2B0}.Debug|x64.Build.0 = Debug|Any CPU
		{8EBE4912-03EE-4030-92DC-9C04EF61D2B0}.Debug|x86.ActiveCfg = Debug|Any CPU
		{8EBE4912-03EE-4030-92DC-9C04EF61D2B0}.Debug|x86.Build.0 = Debug|Any CPU
		{8EBE4912-03EE-4030-92DC-9C04EF61D2B0}.Release|Any CPU.ActiveCfg = Release|Any CPU
		{8EBE4912-03EE-4030-92DC-9C04EF61D2B0}.Release|Any CPU.Build.0 = Release|Any CPU
		{8EBE4912-03EE-4030-92DC-9C04EF61D2B0}.Release|x64.ActiveCfg = Release|Any CPU
		{8EBE4912-03EE-4030-92DC-9C04EF61D2B0}.Release|x64.Build.0 = Release|Any CPU
		{8EBE4912-03EE-4030-92DC-9C04EF61D2B0}.Release|x86.ActiveCfg = Release|Any CPU
		{8EBE4912-03EE-4030-92DC-9C04EF61D2B0}.Release|x86.Build.0 = Release|Any CPU
		{2C9C1B2E-3BCD-4DFE-A614-4C1B91276E51}.Debug|Any CPU.ActiveCfg = Debug|Any CPU
		{2C9C1B2E-3BCD-4DFE-A614-4C1B91276E51}.Debug|Any CPU.Build.0 = Debug|Any CPU
		{2C9C1B2E-3BCD-4DFE-A614-4C1B91276E51}.Debug|x64.ActiveCfg = Debug|Any CPU
		{2C9C1B2E-3BCD-4DFE-A614-4C1B91276E51}.Debug|x64.Build.0 = Debug|Any CPU
		{2C9C1B2E-3BCD-4DFE-A614-4C1B91276E51}.Debug|x86.ActiveCfg = Debug|Any CPU
		{2C9C1B2E-3BCD-4DFE-A614-4C1B91276E51}.Debug|x86.Build.0 = Debug|Any CPU
		{2C9C1B2E-3BCD-4DFE-A614-4C1B91276E51}.Release|Any CPU.ActiveCfg = Release|Any CPU
		{2C9C1B2E-3BCD-4DFE-A614-4C1B91276E51}.Release|Any CPU.Build.0 = Release|Any CPU
		{2C9C1B2E-3BCD-4DFE-A614-4C1B91276E51}.Release|x64.ActiveCfg = Release|Any CPU
		{2C9C1B2E-3BCD-4DFE-A614-4C1B91276E51}.Release|x64.Build.0 = Release|Any CPU
		{2C9C1B2E-3BCD-4DFE-A614-4C1B91276E51}.Release|x86.ActiveCfg = Release|Any CPU
		{2C9C1B2E-3BCD-4DFE-A614-4C1B91276E51}.Release|x86.Build.0 = Release|Any CPU
		{FD971B63-1B72-471D-B790-DFCE79B92A77}.Debug|Any CPU.ActiveCfg = Debug|Any CPU
		{FD971B63-1B72-471D-B790-DFCE79B92A77}.Debug|Any CPU.Build.0 = Debug|Any CPU
		{FD971B63-1B72-471D-B790-DFCE79B92A77}.Debug|x64.ActiveCfg = Debug|Any CPU
		{FD971B63-1B72-471D-B790-DFCE79B92A77}.Debug|x64.Build.0 = Debug|Any CPU
		{FD971B63-1B72-471D-B790-DFCE79B92A77}.Debug|x86.ActiveCfg = Debug|Any CPU
		{FD971B63-1B72-471D-B790-DFCE79B92A77}.Debug|x86.Build.0 = Debug|Any CPU
		{FD971B63-1B72-471D-B790-DFCE79B92A77}.Release|Any CPU.ActiveCfg = Release|Any CPU
		{FD971B63-1B72-471D-B790-DFCE79B92A77}.Release|Any CPU.Build.0 = Release|Any CPU
		{FD971B63-1B72-471D-B790-DFCE79B92A77}.Release|x64.ActiveCfg = Release|Any CPU
		{FD971B63-1B72-471D-B790-DFCE79B92A77}.Release|x64.Build.0 = Release|Any CPU
		{FD971B63-1B72-471D-B790-DFCE79B92A77}.Release|x86.ActiveCfg = Release|Any CPU
		{FD971B63-1B72-471D-B790-DFCE79B92A77}.Release|x86.Build.0 = Release|Any CPU
		{225B0C85-EC69-4A6D-951C-A0EA1E25F9F8}.Debug|Any CPU.ActiveCfg = Debug|Any CPU
		{225B0C85-EC69-4A6D-951C-A0EA1E25F9F8}.Debug|Any CPU.Build.0 = Debug|Any CPU
		{225B0C85-EC69-4A6D-951C-A0EA1E25F9F8}.Debug|x64.ActiveCfg = Debug|Any CPU
		{225B0C85-EC69-4A6D-951C-A0EA1E25F9F8}.Debug|x64.Build.0 = Debug|Any CPU
		{225B0C85-EC69-4A6D-951C-A0EA1E25F9F8}.Debug|x86.ActiveCfg = Debug|Any CPU
		{225B0C85-EC69-4A6D-951C-A0EA1E25F9F8}.Debug|x86.Build.0 = Debug|Any CPU
		{225B0C85-EC69-4A6D-951C-A0EA1E25F9F8}.Release|Any CPU.ActiveCfg = Release|Any CPU
		{225B0C85-EC69-4A6D-951C-A0EA1E25F9F8}.Release|Any CPU.Build.0 = Release|Any CPU
		{225B0C85-EC69-4A6D-951C-A0EA1E25F9F8}.Release|x64.ActiveCfg = Release|Any CPU
		{225B0C85-EC69-4A6D-951C-A0EA1E25F9F8}.Release|x64.Build.0 = Release|Any CPU
		{225B0C85-EC69-4A6D-951C-A0EA1E25F9F8}.Release|x86.ActiveCfg = Release|Any CPU
		{225B0C85-EC69-4A6D-951C-A0EA1E25F9F8}.Release|x86.Build.0 = Release|Any CPU
	EndGlobalSection
	GlobalSection(SolutionProperties) = preSolution
		HideSolutionNode = FALSE
	EndGlobalSection
	GlobalSection(NestedProjects) = preSolution
		{E3F0F2D9-FCF1-47D9-911F-1F10DA30629E} = {827E0CD3-B72D-47B6-A68D-7590B98EB39B}
		{E5180EB9-E6B3-4957-B699-C4309428E635} = {827E0CD3-B72D-47B6-A68D-7590B98EB39B}
		{2251479C-C3D9-4778-A25A-A86376741E93} = {827E0CD3-B72D-47B6-A68D-7590B98EB39B}
		{3F8D905E-D4FC-41AD-A56C-677C039CA708} = {827E0CD3-B72D-47B6-A68D-7590B98EB39B}
		{C2E62DE9-AC1A-442F-8AF0-EDF58DDD3F16} = {827E0CD3-B72D-47B6-A68D-7590B98EB39B}
		{0001D61C-E13C-457A-A126-846DE779287F} = {827E0CD3-B72D-47B6-A68D-7590B98EB39B}
		{F316E645-7FC6-41A5-9AAF-8734E40CD2FC} = {827E0CD3-B72D-47B6-A68D-7590B98EB39B}
		{03A7E98E-7E0A-489A-BD2D-2C42FF4492C3} = {827E0CD3-B72D-47B6-A68D-7590B98EB39B}
		{30142B64-5B37-4D83-B67B-259E7C4174BB} = {827E0CD3-B72D-47B6-A68D-7590B98EB39B}
		{DF57A223-CB5E-466A-BC49-8571CF6410F5} = {827E0CD3-B72D-47B6-A68D-7590B98EB39B}
		{F84D6655-D9C4-4CCF-9B77-E1995AF2F047} = {827E0CD3-B72D-47B6-A68D-7590B98EB39B}
		{5B13FB79-3905-46D4-A0C0-9E09C14E0464} = {07D57EEB-2F50-60C4-C011-FE4FA775C9A8}
		{607AB0BC-002F-4890-A2CF-1251A77B60AE} = {07D57EEB-2F50-60C4-C011-FE4FA775C9A8}
		{4EC33103-1C20-4D5D-8C5B-D6811907B4B5} = {5D20AA90-6969-D8BD-9DCD-8634F4692FDA}
		{40F5AC36-EE50-42C6-893A-E1378E0E28AD} = {0AB3BF05-4346-4AA6-1389-037BE0695223}
		{83D6B412-1463-46AE-B98C-1E071E6E9F25} = {0AB3BF05-4346-4AA6-1389-037BE0695223}
		{E6348A85-A856-45AE-B035-300DEE163923} = {0AB3BF05-4346-4AA6-1389-037BE0695223}
		{B19D2CA9-16A1-4D17-BD95-FE2D7DF34F51} = {0AB3BF05-4346-4AA6-1389-037BE0695223}
		{C9F3F01F-A937-4F20-BD85-66AD60BA255A} = {0AB3BF05-4346-4AA6-1389-037BE0695223}
		{1DE3DA4C-0599-4CFE-B059-0F5AAD5D3878} = {0AB3BF05-4346-4AA6-1389-037BE0695223}
		{E810C64E-13CA-4A24-82B3-C2939B638633} = {827E0CD3-B72D-47B6-A68D-7590B98EB39B}
		{5B16DFC9-AFC0-4EBB-B9B2-DB2FF98407C8} = {07D57EEB-2F50-60C4-C011-FE4FA775C9A8}
		{8EBE4912-03EE-4030-92DC-9C04EF61D2B0} = {07D57EEB-2F50-60C4-C011-FE4FA775C9A8}
		{2C9C1B2E-3BCD-4DFE-A614-4C1B91276E51} = {07D57EEB-2F50-60C4-C011-FE4FA775C9A8}
		{FD971B63-1B72-471D-B790-DFCE79B92A77} = {0AB3BF05-4346-4AA6-1389-037BE0695223}
		{225B0C85-EC69-4A6D-951C-A0EA1E25F9F8} = {0AB3BF05-4346-4AA6-1389-037BE0695223}
	EndGlobalSection
EndGlobal
